// !$*UTF8*$!
{
	archiveVersion = 1;
	classes = {
	};
	objectVersion = 45;
	objects = {

/* Begin PBXBuildFile section */
		1D3623260D0F684500981E51 /* WebServicesAppDelegate.m in Sources */ = {isa = PBXBuildFile; fileRef = 1D3623250D0F684500981E51 /* WebServicesAppDelegate.m */; };
		1D60589B0D05DD56006BFB54 /* main.m in Sources */ = {isa = PBXBuildFile; fileRef = 29B97316FDCFA39411CA2CEA /* main.m */; };
		1D60589F0D05DD5A006BFB54 /* Foundation.framework in Frameworks */ = {isa = PBXBuildFile; fileRef = 1D30AB110D05D00D00671497 /* Foundation.framework */; };
		1DF5F4E00D08C38300B7A737 /* UIKit.framework in Frameworks */ = {isa = PBXBuildFile; fileRef = 1DF5F4DF0D08C38300B7A737 /* UIKit.framework */; };
		2892E4100DC94CBA00A64D0F /* CoreGraphics.framework in Frameworks */ = {isa = PBXBuildFile; fileRef = 2892E40F0DC94CBA00A64D0F /* CoreGraphics.framework */; };
		28AD73600D9D9599002E5188 /* MainWindow.xib in Resources */ = {isa = PBXBuildFile; fileRef = 28AD735F0D9D9599002E5188 /* MainWindow.xib */; };
		28C286E10D94DF7D0034E888 /* RootViewController.m in Sources */ = {isa = PBXBuildFile; fileRef = 28C286E00D94DF7D0034E888 /* RootViewController.m */; };
		28F335F11007B36200424DE2 /* RootViewController.xib in Resources */ = {isa = PBXBuildFile; fileRef = 28F335F01007B36200424DE2 /* RootViewController.xib */; };
		521092251344817A001C0D74 /* vcConfigurations.m in Sources */ = {isa = PBXBuildFile; fileRef = 521092231344817A001C0D74 /* vcConfigurations.m */; };
		521092261344817A001C0D74 /* vcConfigurations.xib in Resources */ = {isa = PBXBuildFile; fileRef = 521092241344817A001C0D74 /* vcConfigurations.xib */; };
		5210922F1344AFA4001C0D74 /* vcWEBObjectIspector.m in Sources */ = {isa = PBXBuildFile; fileRef = 5210922D1344AFA4001C0D74 /* vcWEBObjectIspector.m */; };
		521092301344AFA4001C0D74 /* vcWEBObjectIspector.xib in Resources */ = {isa = PBXBuildFile; fileRef = 5210922E1344AFA4001C0D74 /* vcWEBObjectIspector.xib */; };
		5294C0371344D5DE005DDA85 /* vcServices.m in Sources */ = {isa = PBXBuildFile; fileRef = 5294C0351344D5DE005DDA85 /* vcServices.m */; };
		5294C0381344D5DE005DDA85 /* vcServices.xib in Resources */ = {isa = PBXBuildFile; fileRef = 5294C0361344D5DE005DDA85 /* vcServices.xib */; };
		5294C03C1344D8B7005DDA85 /* vcMethod.m in Sources */ = {isa = PBXBuildFile; fileRef = 5294C03A1344D8B6005DDA85 /* vcMethod.m */; };
		5294C03D1344D8B7005DDA85 /* vcMethod.xib in Resources */ = {isa = PBXBuildFile; fileRef = 5294C03B1344D8B6005DDA85 /* vcMethod.xib */; };
		52AA851A132FB5F500B54BD8 /* WSDLProtoClass.m in Sources */ = {isa = PBXBuildFile; fileRef = 52AA8514132FB5F500B54BD8 /* WSDLProtoClass.m */; };
		52AA851B132FB5F500B54BD8 /* WSDLReader.m in Sources */ = {isa = PBXBuildFile; fileRef = 52AA8516132FB5F500B54BD8 /* WSDLReader.m */; };
		52AA851C132FB5F500B54BD8 /* XMLElement.m in Sources */ = {isa = PBXBuildFile; fileRef = 52AA8518132FB5F500B54BD8 /* XMLElement.m */; };
		52AA8537132FB61C00B54BD8 /* Service.m in Sources */ = {isa = PBXBuildFile; fileRef = 52AA852D132FB61C00B54BD8 /* Service.m */; };
		52AA8566132FB9B800B54BD8 /* UserProfileResponse.m in Sources */ = {isa = PBXBuildFile; fileRef = 52AA8565132FB9B800B54BD8 /* UserProfileResponse.m */; };
		52AA8569132FBA2A00B54BD8 /* UserProfileResult.m in Sources */ = {isa = PBXBuildFile; fileRef = 52AA8568132FBA2A00B54BD8 /* UserProfileResult.m */; };
		52AA856C132FBAE800B54BD8 /* UserProfileData.m in Sources */ = {isa = PBXBuildFile; fileRef = 52AA856B132FBAE800B54BD8 /* UserProfileData.m */; };
		52AA8573132FBC5700B54BD8 /* UserProfile.m in Sources */ = {isa = PBXBuildFile; fileRef = 52AA8572132FBC5700B54BD8 /* UserProfile.m */; };
		52AA87E91330FC2400B54BD8 /* Children.m in Sources */ = {isa = PBXBuildFile; fileRef = 52AA87E81330FC2400B54BD8 /* Children.m */; };
		52AA87EC1330FC7500B54BD8 /* ListChildren.m in Sources */ = {isa = PBXBuildFile; fileRef = 52AA87EB1330FC7500B54BD8 /* ListChildren.m */; };
		52EEC5F013434E9800648DEC /* AuthHeader.m in Sources */ = {isa = PBXBuildFile; fileRef = 52EEC5EF13434E9800648DEC /* AuthHeader.m */; };
/* End PBXBuildFile section */

/* Begin PBXFileReference section */
		1D30AB110D05D00D00671497 /* Foundation.framework */ = {isa = PBXFileReference; lastKnownFileType = wrapper.framework; name = Foundation.framework; path = System/Library/Frameworks/Foundation.framework; sourceTree = SDKROOT; };
		1D3623240D0F684500981E51 /* WebServicesAppDelegate.h */ = {isa = PBXFileReference; fileEncoding = 4; lastKnownFileType = sourcecode.c.h; path = WebServicesAppDelegate.h; sourceTree = "<group>"; };
		1D3623250D0F684500981E51 /* WebServicesAppDelegate.m */ = {isa = PBXFileReference; fileEncoding = 4; lastKnownFileType = sourcecode.c.objc; path = WebServicesAppDelegate.m; sourceTree = "<group>"; };
		1D6058910D05DD3D006BFB54 /* WebServices.app */ = {isa = PBXFileReference; explicitFileType = wrapper.application; includeInIndex = 0; path = WebServices.app; sourceTree = BUILT_PRODUCTS_DIR; };
		1DF5F4DF0D08C38300B7A737 /* UIKit.framework */ = {isa = PBXFileReference; lastKnownFileType = wrapper.framework; name = UIKit.framework; path = System/Library/Frameworks/UIKit.framework; sourceTree = SDKROOT; };
		2892E40F0DC94CBA00A64D0F /* CoreGraphics.framework */ = {isa = PBXFileReference; lastKnownFileType = wrapper.framework; name = CoreGraphics.framework; path = System/Library/Frameworks/CoreGraphics.framework; sourceTree = SDKROOT; };
		28A0AAE50D9B0CCF005BE974 /* WebServices_Prefix.pch */ = {isa = PBXFileReference; fileEncoding = 4; lastKnownFileType = sourcecode.c.h; path = WebServices_Prefix.pch; sourceTree = "<group>"; };
		28AD735F0D9D9599002E5188 /* MainWindow.xib */ = {isa = PBXFileReference; lastKnownFileType = file.xib; path = MainWindow.xib; sourceTree = "<group>"; };
		28C286DF0D94DF7D0034E888 /* RootViewController.h */ = {isa = PBXFileReference; fileEncoding = 4; lastKnownFileType = sourcecode.c.h; path = RootViewController.h; sourceTree = "<group>"; };
		28C286E00D94DF7D0034E888 /* RootViewController.m */ = {isa = PBXFileReference; fileEncoding = 4; lastKnownFileType = sourcecode.c.objc; path = RootViewController.m; sourceTree = "<group>"; };
		28F335F01007B36200424DE2 /* RootViewController.xib */ = {isa = PBXFileReference; lastKnownFileType = file.xib; path = RootViewController.xib; sourceTree = "<group>"; };
		29B97316FDCFA39411CA2CEA /* main.m */ = {isa = PBXFileReference; fileEncoding = 4; lastKnownFileType = sourcecode.c.objc; path = main.m; sourceTree = "<group>"; };
		521092221344817A001C0D74 /* vcConfigurations.h */ = {isa = PBXFileReference; fileEncoding = 4; lastKnownFileType = sourcecode.c.h; path = vcConfigurations.h; sourceTree = "<group>"; };
		521092231344817A001C0D74 /* vcConfigurations.m */ = {isa = PBXFileReference; fileEncoding = 4; lastKnownFileType = sourcecode.c.objc; path = vcConfigurations.m; sourceTree = "<group>"; };
		521092241344817A001C0D74 /* vcConfigurations.xib */ = {isa = PBXFileReference; fileEncoding = 4; lastKnownFileType = file.xib; path = vcConfigurations.xib; sourceTree = "<group>"; };
		5210922C1344AFA4001C0D74 /* vcWEBObjectIspector.h */ = {isa = PBXFileReference; fileEncoding = 4; lastKnownFileType = sourcecode.c.h; path = vcWEBObjectIspector.h; sourceTree = "<group>"; };
		5210922D1344AFA4001C0D74 /* vcWEBObjectIspector.m */ = {isa = PBXFileReference; fileEncoding = 4; lastKnownFileType = sourcecode.c.objc; path = vcWEBObjectIspector.m; sourceTree = "<group>"; };
		5210922E1344AFA4001C0D74 /* vcWEBObjectIspector.xib */ = {isa = PBXFileReference; fileEncoding = 4; lastKnownFileType = file.xib; path = vcWEBObjectIspector.xib; sourceTree = "<group>"; };
		5294C0341344D5DE005DDA85 /* vcServices.h */ = {isa = PBXFileReference; fileEncoding = 4; lastKnownFileType = sourcecode.c.h; path = vcServices.h; sourceTree = "<group>"; };
		5294C0351344D5DE005DDA85 /* vcServices.m */ = {isa = PBXFileReference; fileEncoding = 4; lastKnownFileType = sourcecode.c.objc; path = vcServices.m; sourceTree = "<group>"; };
		5294C0361344D5DE005DDA85 /* vcServices.xib */ = {isa = PBXFileReference; fileEncoding = 4; lastKnownFileType = file.xib; path = vcServices.xib; sourceTree = "<group>"; };
		5294C0391344D8B6005DDA85 /* vcMethod.h */ = {isa = PBXFileReference; fileEncoding = 4; lastKnownFileType = sourcecode.c.h; path = vcMethod.h; sourceTree = "<group>"; };
		5294C03A1344D8B6005DDA85 /* vcMethod.m */ = {isa = PBXFileReference; fileEncoding = 4; lastKnownFileType = sourcecode.c.objc; path = vcMethod.m; sourceTree = "<group>"; };
		5294C03B1344D8B6005DDA85 /* vcMethod.xib */ = {isa = PBXFileReference; fileEncoding = 4; lastKnownFileType = file.xib; path = vcMethod.xib; sourceTree = "<group>"; };
		52AA8513132FB5F500B54BD8 /* WSDLProtoClass.h */ = {isa = PBXFileReference; fileEncoding = 4; lastKnownFileType = sourcecode.c.h; path = WSDLProtoClass.h; sourceTree = "<group>"; };
		52AA8514132FB5F500B54BD8 /* WSDLProtoClass.m */ = {isa = PBXFileReference; fileEncoding = 4; lastKnownFileType = sourcecode.c.objc; path = WSDLProtoClass.m; sourceTree = "<group>"; };
		52AA8515132FB5F500B54BD8 /* WSDLReader.h */ = {isa = PBXFileReference; fileEncoding = 4; lastKnownFileType = sourcecode.c.h; path = WSDLReader.h; sourceTree = "<group>"; };
		52AA8516132FB5F500B54BD8 /* WSDLReader.m */ = {isa = PBXFileReference; fileEncoding = 4; lastKnownFileType = sourcecode.c.objc; path = WSDLReader.m; sourceTree = "<group>"; };
		52AA8517132FB5F500B54BD8 /* XMLElement.h */ = {isa = PBXFileReference; fileEncoding = 4; lastKnownFileType = sourcecode.c.h; path = XMLElement.h; sourceTree = "<group>"; };
		52AA8518132FB5F500B54BD8 /* XMLElement.m */ = {isa = PBXFileReference; fileEncoding = 4; lastKnownFileType = sourcecode.c.objc; path = XMLElement.m; sourceTree = "<group>"; };
		52AA852C132FB61C00B54BD8 /* Service.h */ = {isa = PBXFileReference; fileEncoding = 4; lastKnownFileType = sourcecode.c.h; path = Service.h; sourceTree = "<group>"; };
		52AA852D132FB61C00B54BD8 /* Service.m */ = {isa = PBXFileReference; fileEncoding = 4; lastKnownFileType = sourcecode.c.objc; path = Service.m; sourceTree = "<group>"; };
		52AA8564132FB9B800B54BD8 /* UserProfileResponse.h */ = {isa = PBXFileReference; fileEncoding = 4; lastKnownFileType = sourcecode.c.h; path = UserProfileResponse.h; sourceTree = "<group>"; };
		52AA8565132FB9B800B54BD8 /* UserProfileResponse.m */ = {isa = PBXFileReference; fileEncoding = 4; lastKnownFileType = sourcecode.c.objc; path = UserProfileResponse.m; sourceTree = "<group>"; };
		52AA8567132FBA2A00B54BD8 /* UserProfileResult.h */ = {isa = PBXFileReference; fileEncoding = 4; lastKnownFileType = sourcecode.c.h; path = UserProfileResult.h; sourceTree = "<group>"; };
		52AA8568132FBA2A00B54BD8 /* UserProfileResult.m */ = {isa = PBXFileReference; fileEncoding = 4; lastKnownFileType = sourcecode.c.objc; path = UserProfileResult.m; sourceTree = "<group>"; };
		52AA856A132FBAE800B54BD8 /* UserProfileData.h */ = {isa = PBXFileReference; fileEncoding = 4; lastKnownFileType = sourcecode.c.h; path = UserProfileData.h; sourceTree = "<group>"; };
		52AA856B132FBAE800B54BD8 /* UserProfileData.m */ = {isa = PBXFileReference; fileEncoding = 4; lastKnownFileType = sourcecode.c.objc; path = UserProfileData.m; sourceTree = "<group>"; };
		52AA8571132FBC5700B54BD8 /* UserProfile.h */ = {isa = PBXFileReference; fileEncoding = 4; lastKnownFileType = sourcecode.c.h; path = UserProfile.h; sourceTree = "<group>"; };
		52AA8572132FBC5700B54BD8 /* UserProfile.m */ = {isa = PBXFileReference; fileEncoding = 4; lastKnownFileType = sourcecode.c.objc; path = UserProfile.m; sourceTree = "<group>"; };
		52AA87E71330FC2400B54BD8 /* Children.h */ = {isa = PBXFileReference; fileEncoding = 4; lastKnownFileType = sourcecode.c.h; path = Children.h; sourceTree = "<group>"; };
		52AA87E81330FC2400B54BD8 /* Children.m */ = {isa = PBXFileReference; fileEncoding = 4; lastKnownFileType = sourcecode.c.objc; path = Children.m; sourceTree = "<group>"; };
		52AA87EA1330FC7500B54BD8 /* ListChildren.h */ = {isa = PBXFileReference; fileEncoding = 4; lastKnownFileType = sourcecode.c.h; path = ListChildren.h; sourceTree = "<group>"; };
		52AA87EB1330FC7500B54BD8 /* ListChildren.m */ = {isa = PBXFileReference; fileEncoding = 4; lastKnownFileType = sourcecode.c.objc; path = ListChildren.m; sourceTree = "<group>"; };
		52EEC5EE13434E9800648DEC /* AuthHeader.h */ = {isa = PBXFileReference; fileEncoding = 4; lastKnownFileType = sourcecode.c.h; path = AuthHeader.h; sourceTree = "<group>"; };
		52EEC5EF13434E9800648DEC /* AuthHeader.m */ = {isa = PBXFileReference; fileEncoding = 4; lastKnownFileType = sourcecode.c.objc; path = AuthHeader.m; sourceTree = "<group>"; };
		8D1107310486CEB800E47090 /* WebServices-Info.plist */ = {isa = PBXFileReference; fileEncoding = 4; lastKnownFileType = text.plist.xml; path = "WebServices-Info.plist"; plistStructureDefinitionIdentifier = "com.apple.xcode.plist.structure-definition.iphone.info-plist"; sourceTree = "<group>"; };
/* End PBXFileReference section */

/* Begin PBXFrameworksBuildPhase section */
		1D60588F0D05DD3D006BFB54 /* Frameworks */ = {
			isa = PBXFrameworksBuildPhase;
			buildActionMask = 2147483647;
			files = (
				1D60589F0D05DD5A006BFB54 /* Foundation.framework in Frameworks */,
				1DF5F4E00D08C38300B7A737 /* UIKit.framework in Frameworks */,
				2892E4100DC94CBA00A64D0F /* CoreGraphics.framework in Frameworks */,
			);
			runOnlyForDeploymentPostprocessing = 0;
		};
/* End PBXFrameworksBuildPhase section */

/* Begin PBXGroup section */
		080E96DDFE201D6D7F000001 /* Classes */ = {
			isa = PBXGroup;
			children = (
				5210921C13447EC9001C0D74 /* Analizer */,
				52AA851D132FB60400B54BD8 /* Entities */,
				52AA8503132FB58000B54BD8 /* BaseClasses */,
				28C286DF0D94DF7D0034E888 /* RootViewController.h */,
				28C286E00D94DF7D0034E888 /* RootViewController.m */,
				1D3623240D0F684500981E51 /* WebServicesAppDelegate.h */,
				1D3623250D0F684500981E51 /* WebServicesAppDelegate.m */,
			);
			path = Classes;
			sourceTree = "<group>";
		};
		19C28FACFE9D520D11CA2CBB /* Products */ = {
			isa = PBXGroup;
			children = (
				1D6058910D05DD3D006BFB54 /* WebServices.app */,
			);
			name = Products;
			sourceTree = "<group>";
		};
		29B97314FDCFA39411CA2CEA /* CustomTemplate */ = {
			isa = PBXGroup;
			children = (
				080E96DDFE201D6D7F000001 /* Classes */,
				29B97315FDCFA39411CA2CEA /* Other Sources */,
				29B97317FDCFA39411CA2CEA /* Resources */,
				29B97323FDCFA39411CA2CEA /* Frameworks */,
				19C28FACFE9D520D11CA2CBB /* Products */,
			);
			name = CustomTemplate;
			sourceTree = "<group>";
		};
		29B97315FDCFA39411CA2CEA /* Other Sources */ = {
			isa = PBXGroup;
			children = (
				28A0AAE50D9B0CCF005BE974 /* WebServices_Prefix.pch */,
				29B97316FDCFA39411CA2CEA /* main.m */,
			);
			name = "Other Sources";
			sourceTree = "<group>";
		};
		29B97317FDCFA39411CA2CEA /* Resources */ = {
			isa = PBXGroup;
			children = (
				28F335F01007B36200424DE2 /* RootViewController.xib */,
				28AD735F0D9D9599002E5188 /* MainWindow.xib */,
				8D1107310486CEB800E47090 /* WebServices-Info.plist */,
			);
			name = Resources;
			sourceTree = "<group>";
		};
		29B97323FDCFA39411CA2CEA /* Frameworks */ = {
			isa = PBXGroup;
			children = (
				1DF5F4DF0D08C38300B7A737 /* UIKit.framework */,
				1D30AB110D05D00D00671497 /* Foundation.framework */,
				2892E40F0DC94CBA00A64D0F /* CoreGraphics.framework */,
			);
			name = Frameworks;
			sourceTree = "<group>";
		};
		5210921C13447EC9001C0D74 /* Analizer */ = {
			isa = PBXGroup;
			children = (
				524A3C76134B460E000578C8 /* Controls */,
				524A3C75134B45F9000578C8 /* Screens */,
			);
			name = Analizer;
			sourceTree = "<group>";
		};
		524A3C75134B45F9000578C8 /* Screens */ = {
			isa = PBXGroup;
			children = (
				521092221344817A001C0D74 /* vcConfigurations.h */,
				521092231344817A001C0D74 /* vcConfigurations.m */,
				521092241344817A001C0D74 /* vcConfigurations.xib */,
				5210922C1344AFA4001C0D74 /* vcWEBObjectIspector.h */,
				5210922D1344AFA4001C0D74 /* vcWEBObjectIspector.m */,
				5210922E1344AFA4001C0D74 /* vcWEBObjectIspector.xib */,
				5294C0341344D5DE005DDA85 /* vcServices.h */,
				5294C0351344D5DE005DDA85 /* vcServices.m */,
				5294C0361344D5DE005DDA85 /* vcServices.xib */,
				5294C0391344D8B6005DDA85 /* vcMethod.h */,
				5294C03A1344D8B6005DDA85 /* vcMethod.m */,
				5294C03B1344D8B6005DDA85 /* vcMethod.xib */,
			);
			name = Screens;
			sourceTree = "<group>";
		};
		524A3C76134B460E000578C8 /* Controls */ = {
			isa = PBXGroup;
			children = (
			);
			name = Controls;
			sourceTree = "<group>";
		};
		52AA8503132FB58000B54BD8 /* BaseClasses */ = {
			isa = PBXGroup;
			children = (
				52AA8513132FB5F500B54BD8 /* WSDLProtoClass.h */,
				52AA8514132FB5F500B54BD8 /* WSDLProtoClass.m */,
				52AA8515132FB5F500B54BD8 /* WSDLReader.h */,
				52AA8516132FB5F500B54BD8 /* WSDLReader.m */,
				52AA8517132FB5F500B54BD8 /* XMLElement.h */,
				52AA8518132FB5F500B54BD8 /* XMLElement.m */,
			);
			name = BaseClasses;
			sourceTree = "<group>";
		};
		52AA851D132FB60400B54BD8 /* Entities */ = {
			isa = PBXGroup;
			children = (
				52AA8564132FB9B800B54BD8 /* UserProfileResponse.h */,
				52AA8565132FB9B800B54BD8 /* UserProfileResponse.m */,
				52AA8567132FBA2A00B54BD8 /* UserProfileResult.h */,
				52AA8568132FBA2A00B54BD8 /* UserProfileResult.m */,
				52AA856A132FBAE800B54BD8 /* UserProfileData.h */,
				52AA856B132FBAE800B54BD8 /* UserProfileData.m */,
				52AA8571132FBC5700B54BD8 /* UserProfile.h */,
				52AA8572132FBC5700B54BD8 /* UserProfile.m */,
				52AA87E71330FC2400B54BD8 /* Children.h */,
				52AA87E81330FC2400B54BD8 /* Children.m */,
				52AA87EA1330FC7500B54BD8 /* ListChildren.h */,
				52AA87EB1330FC7500B54BD8 /* ListChildren.m */,
				52AA852C132FB61C00B54BD8 /* Service.h */,
				52AA852D132FB61C00B54BD8 /* Service.m */,
				52EEC5EE13434E9800648DEC /* AuthHeader.h */,
				52EEC5EF13434E9800648DEC /* AuthHeader.m */,
			);
			name = Entities;
			sourceTree = "<group>";
		};
/* End PBXGroup section */

/* Begin PBXNativeTarget section */
		1D6058900D05DD3D006BFB54 /* WebServices */ = {
			isa = PBXNativeTarget;
			buildConfigurationList = 1D6058960D05DD3E006BFB54 /* Build configuration list for PBXNativeTarget "WebServices" */;
			buildPhases = (
				1D60588D0D05DD3D006BFB54 /* Resources */,
				1D60588E0D05DD3D006BFB54 /* Sources */,
				1D60588F0D05DD3D006BFB54 /* Frameworks */,
			);
			buildRules = (
			);
			dependencies = (
			);
			name = WebServices;
			productName = WebServices;
			productReference = 1D6058910D05DD3D006BFB54 /* WebServices.app */;
			productType = "com.apple.product-type.application";
		};
/* End PBXNativeTarget section */

/* Begin PBXProject section */
		29B97313FDCFA39411CA2CEA /* Project object */ = {
			isa = PBXProject;
			buildConfigurationList = C01FCF4E08A954540054247B /* Build configuration list for PBXProject "WebServices" */;
			compatibilityVersion = "Xcode 3.1";
			developmentRegion = English;
			hasScannedForEncodings = 1;
			knownRegions = (
				English,
				Japanese,
				French,
				German,
				en,
			);
			mainGroup = 29B97314FDCFA39411CA2CEA /* CustomTemplate */;
			projectDirPath = "";
			projectRoot = "";
			targets = (
				1D6058900D05DD3D006BFB54 /* WebServices */,
			);
		};
/* End PBXProject section */

/* Begin PBXResourcesBuildPhase section */
		1D60588D0D05DD3D006BFB54 /* Resources */ = {
			isa = PBXResourcesBuildPhase;
			buildActionMask = 2147483647;
			files = (
				28AD73600D9D9599002E5188 /* MainWindow.xib in Resources */,
				28F335F11007B36200424DE2 /* RootViewController.xib in Resources */,
				521092261344817A001C0D74 /* vcConfigurations.xib in Resources */,
				521092301344AFA4001C0D74 /* vcWEBObjectIspector.xib in Resources */,
				5294C0381344D5DE005DDA85 /* vcServices.xib in Resources */,
				5294C03D1344D8B7005DDA85 /* vcMethod.xib in Resources */,
			);
			runOnlyForDeploymentPostprocessing = 0;
		};
/* End PBXResourcesBuildPhase section */

/* Begin PBXSourcesBuildPhase section */
		1D60588E0D05DD3D006BFB54 /* Sources */ = {
			isa = PBXSourcesBuildPhase;
			buildActionMask = 2147483647;
			files = (
				1D60589B0D05DD56006BFB54 /* main.m in Sources */,
				1D3623260D0F684500981E51 /* WebServicesAppDelegate.m in Sources */,
				28C286E10D94DF7D0034E888 /* RootViewController.m in Sources */,
				52AA851A132FB5F500B54BD8 /* WSDLProtoClass.m in Sources */,
				52AA851B132FB5F500B54BD8 /* WSDLReader.m in Sources */,
				52AA851C132FB5F500B54BD8 /* XMLElement.m in Sources */,
				52AA8537132FB61C00B54BD8 /* Service.m in Sources */,
				52AA8566132FB9B800B54BD8 /* UserProfileResponse.m in Sources */,
				52AA8569132FBA2A00B54BD8 /* UserProfileResult.m in Sources */,
				52AA856C132FBAE800B54BD8 /* UserProfileData.m in Sources */,
				52AA8573132FBC5700B54BD8 /* UserProfile.m in Sources */,
				52AA87E91330FC2400B54BD8 /* Children.m in Sources */,
				52AA87EC1330FC7500B54BD8 /* ListChildren.m in Sources */,
				52EEC5F013434E9800648DEC /* AuthHeader.m in Sources */,
				521092251344817A001C0D74 /* vcConfigurations.m in Sources */,
				5210922F1344AFA4001C0D74 /* vcWEBObjectIspector.m in Sources */,
				5294C0371344D5DE005DDA85 /* vcServices.m in Sources */,
				5294C03C1344D8B7005DDA85 /* vcMethod.m in Sources */,
			);
			runOnlyForDeploymentPostprocessing = 0;
		};
/* End PBXSourcesBuildPhase section */

/* Begin XCBuildConfiguration section */
		1D6058940D05DD3E006BFB54 /* Debug */ = {
			isa = XCBuildConfiguration;
			buildSettings = {
				ALWAYS_SEARCH_USER_PATHS = NO;
				COPY_PHASE_STRIP = NO;
				GCC_DYNAMIC_NO_PIC = NO;
				GCC_OPTIMIZATION_LEVEL = 0;
				GCC_PRECOMPILE_PREFIX_HEADER = YES;
				GCC_PREFIX_HEADER = WebServices_Prefix.pch;
				INFOPLIST_FILE = "WebServices-Info.plist";
				PRODUCT_NAME = WebServices;
				VALIDATE_PRODUCT = YES;
			};
			name = Debug;
		};
		1D6058950D05DD3E006BFB54 /* Release */ = {
			isa = XCBuildConfiguration;
			buildSettings = {
				ALWAYS_SEARCH_USER_PATHS = NO;
				COPY_PHASE_STRIP = YES;
				GCC_PRECOMPILE_PREFIX_HEADER = YES;
				GCC_PREFIX_HEADER = WebServices_Prefix.pch;
				INFOPLIST_FILE = "WebServices-Info.plist";
				PRODUCT_NAME = WebServices;
				VALIDATE_PRODUCT = YES;
			};
			name = Release;
		};
		C01FCF4F08A954540054247B /* Debug */ = {
			isa = XCBuildConfiguration;
			buildSettings = {
				ARCHS = "$(ARCHS_STANDARD_32_BIT)";
				"CODE_SIGN_IDENTITY[sdk=iphoneos*]" = "iPhone Developer";
				GCC_C_LANGUAGE_STANDARD = c99;
				GCC_WARN_ABOUT_RETURN_TYPE = YES;
				GCC_WARN_UNUSED_VARIABLE = YES;
				PREBINDING = NO;
				SDKROOT = iphoneos;
				SYMROOT = build;
				VALIDATE_PRODUCT = YES;
			};
			name = Debug;
		};
		C01FCF5008A954540054247B /* Release */ = {
			isa = XCBuildConfiguration;
			buildSettings = {
				ARCHS = "$(ARCHS_STANDARD_32_BIT)";
				"CODE_SIGN_IDENTITY[sdk=iphoneos*]" = "iPhone Developer";
				GCC_C_LANGUAGE_STANDARD = c99;
				GCC_WARN_ABOUT_RETURN_TYPE = YES;
				GCC_WARN_UNUSED_VARIABLE = YES;
				OTHER_CFLAGS = "-DNS_BLOCK_ASSERTIONS=1";
				PREBINDING = NO;
				SDKROOT = iphoneos;
				SYMROOT = build;
				VALIDATE_PRODUCT = YES;
			};
			name = Release;
		};
/* End XCBuildConfiguration section */

/* Begin XCConfigurationList section */
		1D6058960D05DD3E006BFB54 /* Build configuration list for PBXNativeTarget "WebServices" */ = {
			isa = XCConfigurationList;
			buildConfigurations = (
				1D6058940D05DD3E006BFB54 /* Debug */,
				1D6058950D05DD3E006BFB54 /* Release */,
			);
			defaultConfigurationIsVisible = 0;
			defaultConfigurationName = Release;
		};
		C01FCF4E08A954540054247B /* Build configuration list for PBXProject "WebServices" */ = {
			isa = XCConfigurationList;
			buildConfigurations = (
				C01FCF4F08A954540054247B /* Debug */,
				C01FCF5008A954540054247B /* Release */,
			);
			defaultConfigurationIsVisible = 0;
			defaultConfigurationName = Release;
		};
/* End XCConfigurationList section */
	};
	rootObject = 29B97313FDCFA39411CA2CEA /* Project object */;
}
